
Microsoft Visual Studio Solution File, Format Version 12.00
# Visual Studio for Mac
Project("{FAE04EC0-301F-11D3-BF4B-00C04F79EFBC}") = "SteamVR", "SteamVR.csproj", "{1DE53717-D986-44EC-2265-54468F6BAC76}"
EndProject
Project("{FAE04EC0-301F-11D3-BF4B-00C04F79EFBC}") = "Assembly-CSharp-Editor-firstpass", "Assembly-CSharp-Editor-firstpass.csproj", "{566F3E98-8F26-28A7-4D82-31DBA4CFA353}"
EndProject
Project("{FAE04EC0-301F-11D3-BF4B-00C04F79EFBC}") = "SteamVR_Editor", "SteamVR_Editor.csproj", "{C49DBEC2-E293-C332-0A8C-70FC9E4C3DD6}"
EndProject
Project("{FAE04EC0-301F-11D3-BF4B-00C04F79EFBC}") = "SteamVR_Input_Editor", "SteamVR_Input_Editor.csproj", "{AC59CD08-28EE-ABF4-CA7C-0FFE3CE419E5}"
EndProject
Project("{FAE04EC0-301F-11D3-BF4B-00C04F79EFBC}") = "SteamVR_Windows_EditorHelper", "SteamVR_Windows_EditorHelper.csproj", "{840632B4-3596-1DCE-8304-905291520F8B}"
EndProject
Global
	GlobalSection(SolutionConfigurationPlatforms) = preSolution
		Debug|Any CPU = Debug|Any CPU
		Release|Any CPU = Release|Any CPU
	EndGlobalSection
	GlobalSection(ProjectConfigurationPlatforms) = postSolution
		{1DE53717-D986-44EC-2265-54468F6BAC76}.Debug|Any CPU.ActiveCfg = Debug|Any CPU
		{1DE53717-D986-44EC-2265-54468F6BAC76}.Debug|Any CPU.Build.0 = Debug|Any CPU
		{1DE53717-D986-44EC-2265-54468F6BAC76}.Release|Any CPU.ActiveCfg = Release|Any CPU
		{1DE53717-D986-44EC-2265-54468F6BAC76}.Release|Any CPU.Build.0 = Release|Any CPU
		{566F3E98-8F26-28A7-4D82-31DBA4CFA353}.Debug|Any CPU.ActiveCfg = Debug|Any CPU
		{566F3E98-8F26-28A7-4D82-31DBA4CFA353}.Debug|Any CPU.Build.0 = Debug|Any CPU
		{566F3E98-8F26-28A7-4D82-31DBA4CFA353}.Release|Any CPU.ActiveCfg = Release|Any CPU
		{566F3E98-8F26-28A7-4D82-31DBA4CFA353}.Release|Any CPU.Build.0 = Release|Any CPU
		{C49DBEC2-E293-C332-0A8C-70FC9E4C3DD6}.Debug|Any CPU.ActiveCfg = Debug|Any CPU
		{C49DBEC2-E293-C332-0A8C-70FC9E4C3DD6}.Debug|Any CPU.Build.0 = Debug|Any CPU
		{C49DBEC2-E293-C332-0A8C-70FC9E4C3DD6}.Release|Any CPU.ActiveCfg = Release|Any CPU
		{C49DBEC2-E293-C332-0A8C-70FC9E4C3DD6}.Release|Any CPU.Build.0 = Release|Any CPU
		{AC59CD08-28EE-ABF4-CA7C-0FFE3CE419E5}.Debug|Any CPU.ActiveCfg = Debug|Any CPU
		{AC59CD08-28EE-ABF4-CA7C-0FFE3CE419E5}.Debug|Any CPU.Build.0 = Debug|Any CPU
		{AC59CD08-28EE-ABF4-CA7C-0FFE3CE419E5}.Release|Any CPU.ActiveCfg = Release|Any CPU
		{AC59CD08-28EE-ABF4-CA7C-0FFE3CE419E5}.Release|Any CPU.Build.0 = Release|Any CPU
		{840632B4-3596-1DCE-8304-905291520F8B}.Debug|Any CPU.ActiveCfg = Debug|Any CPU
		{840632B4-3596-1DCE-8304-905291520F8B}.Debug|Any CPU.Build.0 = Debug|Any CPU
		{840632B4-3596-1DCE-8304-905291520F8B}.Release|Any CPU.ActiveCfg = Release|Any CPU
		{840632B4-3596-1DCE-8304-905291520F8B}.Release|Any CPU.Build.0 = Release|Any CPU
	EndGlobalSection
	GlobalSection(SolutionProperties) = preSolution
		HideSolutionNode = FALSE
	EndGlobalSection
	GlobalSection(MonoDevelopProperties) = preSolution
		StartupItem = Assembly-CSharp.csproj
	EndGlobalSection
EndGlobal
